<?xml version="1.0" encoding="utf-8"?>
<Project ToolsVersion="4.0" xmlns="http://schemas.microsoft.com/developer/msbuild/2003">
  <ItemGroup>
    <Filter Include="源文件">
      <UniqueIdentifier>{4FC737F1-C7A5-4376-A066-2A32D752A2FF}</UniqueIdentifier>
      <Extensions>cpp;c;cc;cxx;c++;cppm;ixx;def;odl;idl;hpj;bat;asm;asmx</Extensions>
    </Filter>
    <Filter Include="EUI">
      <UniqueIdentifier>{325df83c-cdb8-4d10-b911-101076aa2028}</UniqueIdentifier>
    </Filter>
    <Filter Include="Account">
      <UniqueIdentifier>{58ad23e2-82e8-4d2e-aac0-0a9dd9059bbb}</UniqueIdentifier>
    </Filter>
    <Filter Include="Student">
      <UniqueIdentifier>{88c7a5d9-7997-4150-ae2a-dab464f080c7}</UniqueIdentifier>
    </Filter>
    <Filter Include="Teacher">
      <UniqueIdentifier>{1988da30-51be-4ae3-a5d7-1f1702c1a7e1}</UniqueIdentifier>
    </Filter>
    <Filter Include="Common">
      <UniqueIdentifier>{78b558c8-fe53-4bd7-9a35-0173e0fd84df}</UniqueIdentifier>
    </Filter>
    <Filter Include="Widget">
      <UniqueIdentifier>{383fd62c-790d-4e40-9c30-c8aa863de58d}</UniqueIdentifier>
    </Filter>
  </ItemGroup>
  <ItemGroup>
    <ClCompile Include="main.cpp">
      <Filter>源文件</Filter>
    </ClCompile>
    <ClCompile Include="EUI\BasicWidget.cpp">
      <Filter>EUI</Filter>
    </ClCompile>
    <ClCompile Include="EUI\Button.cpp">
      <Filter>EUI</Filter>
    </ClCompile>
    <ClCompile Include="EUI\IconButton.cpp">
      <Filter>EUI</Filter>
    </ClCompile>
    <ClCompile Include="EUI\Input.cpp">
      <Filter>EUI</Filter>
    </ClCompile>
    <ClCompile Include="EUI\Message.cpp">
      <Filter>EUI</Filter>
    </ClCompile>
    <ClCompile Include="EUI\Navbar.cpp">
      <Filter>EUI</Filter>
    </ClCompile>
    <ClCompile Include="EUI\NavButton.cpp">
      <Filter>EUI</Filter>
    </ClCompile>
    <ClCompile Include="EUI\Table.cpp">
      <Filter>EUI</Filter>
    </ClCompile>
    <ClCompile Include="EUI\TextButton.cpp">
      <Filter>EUI</Filter>
    </ClCompile>
    <ClCompile Include="EUI\Toast.cpp">
      <Filter>EUI</Filter>
    </ClCompile>
    <ClCompile Include="Common\common.cpp">
      <Filter>Common</Filter>
    </ClCompile>
    <ClCompile Include="Common\font.cpp">
      <Filter>Common</Filter>
    </ClCompile>
    <ClCompile Include="Common\icon.cpp">
      <Filter>Common</Filter>
    </ClCompile>
    <ClCompile Include="Student\student.cpp">
      <Filter>Student</Filter>
    </ClCompile>
    <ClCompile Include="Account\account.cpp">
      <Filter>Account</Filter>
    </ClCompile>
    <ClCompile Include="Widget\accountWidget.cpp">
      <Filter>Widget</Filter>
    </ClCompile>
    <ClCompile Include="Widget\teacherWidget.cpp">
      <Filter>Widget</Filter>
    </ClCompile>
    <ClCompile Include="Teacher\teacher.cpp">
      <Filter>Teacher</Filter>
    </ClCompile>
  </ItemGroup>
  <ItemGroup>
    <ClInclude Include="EUI\BasicWidget.h">
      <Filter>EUI</Filter>
    </ClInclude>
    <ClInclude Include="EUI\Button.h">
      <Filter>EUI</Filter>
    </ClInclude>
    <ClInclude Include="EUI\EUI.h">
      <Filter>EUI</Filter>
    </ClInclude>
    <ClInclude Include="EUI\IconButton.h">
      <Filter>EUI</Filter>
    </ClInclude>
    <ClInclude Include="EUI\Input.h">
      <Filter>EUI</Filter>
    </ClInclude>
    <ClInclude Include="EUI\Message.h">
      <Filter>EUI</Filter>
    </ClInclude>
    <ClInclude Include="EUI\Navbar.h">
      <Filter>EUI</Filter>
    </ClInclude>
    <ClInclude Include="EUI\NavButton.h">
      <Filter>EUI</Filter>
    </ClInclude>
    <ClInclude Include="EUI\Table.h">
      <Filter>EUI</Filter>
    </ClInclude>
    <ClInclude Include="EUI\TextButton.h">
      <Filter>EUI</Filter>
    </ClInclude>
    <ClInclude Include="EUI\Toast.h">
      <Filter>EUI</Filter>
    </ClInclude>
    <ClInclude Include="Common\common.h">
      <Filter>Common</Filter>
    </ClInclude>
    <ClInclude Include="Common\font.h">
      <Filter>Common</Filter>
    </ClInclude>
    <ClInclude Include="Common\icon.h">
      <Filter>Common</Filter>
    </ClInclude>
    <ClInclude Include="Student\student.h">
      <Filter>Student</Filter>
    </ClInclude>
    <ClInclude Include="Account\account.h">
      <Filter>Account</Filter>
    </ClInclude>
    <ClInclude Include="Teacher\teacher.h">
      <Filter>Teacher</Filter>
    </ClInclude>
  </ItemGroup>
</Project>